# This file is automatically @generated by Cargo.
# It is not intended for manual editing.
[[package]]
name = "byte_buffer"
version = "0.1.0"
source = "git+https://github.com/ork821/byte_buffer#cd0f66a30bcaf1e992c96c94dc889ce66c5c2fb9"

[[package]]
name = "mp4_splitter"
version = "0.1.0"
dependencies = [
 "byte_buffer 0.1.0 (git+https://github.com/ork821/byte_buffer)",
]

[metadata]
"checksum byte_buffer 0.1.0 (git+https://github.com/ork821/byte_buffer)" = "<none>"
